// !$*UTF8*$!
{
	archiveVersion = 1;
	classes = {
	};
	objectVersion = 50;
	objects = {

/* Begin PBXBuildFile section */
		1A59870A236B44CB00326696 /* AppDelegate.swift in Sources */ = {isa = PBXBuildFile; fileRef = 1A598709236B44CB00326696 /* AppDelegate.swift */; };
		1A59870C236B44CB00326696 /* ViewController.swift in Sources */ = {isa = PBXBuildFile; fileRef = 1A59870B236B44CB00326696 /* ViewController.swift */; };
		1A59870F236B44CB00326696 /* Main.storyboard in Resources */ = {isa = PBXBuildFile; fileRef = 1A59870D236B44CB00326696 /* Main.storyboard */; };
		1A598711236B44CE00326696 /* Assets.xcassets in Resources */ = {isa = PBXBuildFile; fileRef = 1A598710236B44CE00326696 /* Assets.xcassets */; };
		1A598714236B44CE00326696 /* LaunchScreen.storyboard in Resources */ = {isa = PBXBuildFile; fileRef = 1A598712236B44CE00326696 /* LaunchScreen.storyboard */; };
		1A59871F236B44CE00326696 /* MyViewIntroTests.swift in Sources */ = {isa = PBXBuildFile; fileRef = 1A59871E236B44CE00326696 /* MyViewIntroTests.swift */; };
		1A59872A236B44CE00326696 /* MyViewIntroUITests.swift in Sources */ = {isa = PBXBuildFile; fileRef = 1A598729236B44CE00326696 /* MyViewIntroUITests.swift */; };
/* End PBXBuildFile section */

/* Begin PBXContainerItemProxy section */
		1A59871B236B44CE00326696 /* PBXContainerItemProxy */ = {
			isa = PBXContainerItemProxy;
			containerPortal = 1A5986FE236B44CB00326696 /* Project object */;
			proxyType = 1;
			remoteGlobalIDString = 1A598705236B44CB00326696;
			remoteInfo = MyViewIntro;
		};
		1A598726236B44CE00326696 /* PBXContainerItemProxy */ = {
			isa = PBXContainerItemProxy;
			containerPortal = 1A5986FE236B44CB00326696 /* Project object */;
			proxyType = 1;
			remoteGlobalIDString = 1A598705236B44CB00326696;
			remoteInfo = MyViewIntro;
		};
/* End PBXContainerItemProxy section */

/* Begin PBXFileReference section */
		1A598706236B44CB00326696 /* MyViewIntro.app */ = {isa = PBXFileReference; explicitFileType = wrapper.application; includeInIndex = 0; path = MyViewIntro.app; sourceTree = BUILT_PRODUCTS_DIR; };
		1A598709236B44CB00326696 /* AppDelegate.swift */ = {isa = PBXFileReference; lastKnownFileType = sourcecode.swift; path = AppDelegate.swift; sourceTree = "<group>"; };
		1A59870B236B44CB00326696 /* ViewController.swift */ = {isa = PBXFileReference; lastKnownFileType = sourcecode.swift; path = ViewController.swift; sourceTree = "<group>"; };
		1A59870E236B44CB00326696 /* Base */ = {isa = PBXFileReference; lastKnownFileType = file.storyboard; name = Base; path = Base.lproj/Main.storyboard; sourceTree = "<group>"; };
		1A598710236B44CE00326696 /* Assets.xcassets */ = {isa = PBXFileReference; lastKnownFileType = folder.assetcatalog; path = Assets.xcassets; sourceTree = "<group>"; };
		1A598713236B44CE00326696 /* Base */ = {isa = PBXFileReference; lastKnownFileType = file.storyboard; name = Base; path = Base.lproj/LaunchScreen.storyboard; sourceTree = "<group>"; };
		1A598715236B44CE00326696 /* Info.plist */ = {isa = PBXFileReference; lastKnownFileType = text.plist.xml; path = Info.plist; sourceTree = "<group>"; };
		1A59871A236B44CE00326696 /* MyViewIntroTests.xctest */ = {isa = PBXFileReference; explicitFileType = wrapper.cfbundle; includeInIndex = 0; path = MyViewIntroTests.xctest; sourceTree = BUILT_PRODUCTS_DIR; };
		1A59871E236B44CE00326696 /* MyViewIntroTests.swift */ = {isa = PBXFileReference; lastKnownFileType = sourcecode.swift; path = MyViewIntroTests.swift; sourceTree = "<group>"; };
		1A598720236B44CE00326696 /* Info.plist */ = {isa = PBXFileReference; lastKnownFileType = text.plist.xml; path = Info.plist; sourceTree = "<group>"; };
		1A598725236B44CE00326696 /* MyViewIntroUITests.xctest */ = {isa = PBXFileReference; explicitFileType = wrapper.cfbundle; includeInIndex = 0; path = MyViewIntroUITests.xctest; sourceTree = BUILT_PRODUCTS_DIR; };
		1A598729236B44CE00326696 /* MyViewIntroUITests.swift */ = {isa = PBXFileReference; lastKnownFileType = sourcecode.swift; path = MyViewIntroUITests.swift; sourceTree = "<group>"; };
		1A59872B236B44CE00326696 /* Info.plist */ = {isa = PBXFileReference; lastKnownFileType = text.plist.xml; path = Info.plist; sourceTree = "<group>"; };
/* End PBXFileReference section */

/* Begin PBXFrameworksBuildPhase section */
		1A598703236B44CB00326696 /* Frameworks */ = {
			isa = PBXFrameworksBuildPhase;
			buildActionMask = 2147483647;
			files = (
			);
			runOnlyForDeploymentPostprocessing = 0;
		};
		1A598717236B44CE00326696 /* Frameworks */ = {
			isa = PBXFrameworksBuildPhase;
			buildActionMask = 2147483647;
			files = (
			);
			runOnlyForDeploymentPostprocessing = 0;
		};
		1A598722236B44CE00326696 /* Frameworks */ = {
			isa = PBXFrameworksBuildPhase;
			buildActionMask = 2147483647;
			files = (
			);
			runOnlyForDeploymentPostprocessing = 0;
		};
/* End PBXFrameworksBuildPhase section */

/* Begin PBXGroup section */
		1A5986FD236B44CB00326696 = {
			isa = PBXGroup;
			children = (
				1A598708236B44CB00326696 /* MyViewIntro */,
				1A59871D236B44CE00326696 /* MyViewIntroTests */,
				1A598728236B44CE00326696 /* MyViewIntroUITests */,
				1A598707236B44CB00326696 /* Products */,
			);
			sourceTree = "<group>";
		};
		1A598707236B44CB00326696 /* Products */ = {
			isa = PBXGroup;
			children = (
				1A598706236B44CB00326696 /* MyViewIntro.app */,
				1A59871A236B44CE00326696 /* MyViewIntroTests.xctest */,
				1A598725236B44CE00326696 /* MyViewIntroUITests.xctest */,
			);
			name = Products;
			sourceTree = "<group>";
		};
		1A598708236B44CB00326696 /* MyViewIntro */ = {
			isa = PBXGroup;
			children = (
				1A598709236B44CB00326696 /* AppDelegate.swift */,
				1A59870B236B44CB00326696 /* ViewController.swift */,
				1A59870D236B44CB00326696 /* Main.storyboard */,
				1A598710236B44CE00326696 /* Assets.xcassets */,
				1A598712236B44CE00326696 /* LaunchScreen.storyboard */,
				1A598715236B44CE00326696 /* Info.plist */,
			);
			path = MyViewIntro;
			sourceTree = "<group>";
		};
		1A59871D236B44CE00326696 /* MyViewIntroTests */ = {
			isa = PBXGroup;
			children = (
				1A59871E236B44CE00326696 /* MyViewIntroTests.swift */,
				1A598720236B44CE00326696 /* Info.plist */,
			);
			path = MyViewIntroTests;
			sourceTree = "<group>";
		};
		1A598728236B44CE00326696 /* MyViewIntroUITests */ = {
			isa = PBXGroup;
			children = (
				1A598729236B44CE00326696 /* MyViewIntroUITests.swift */,
				1A59872B236B44CE00326696 /* Info.plist */,
			);
			path = MyViewIntroUITests;
			sourceTree = "<group>";
		};
/* End PBXGroup section */

/* Begin PBXNativeTarget section */
		1A598705236B44CB00326696 /* MyViewIntro */ = {
			isa = PBXNativeTarget;
			buildConfigurationList = 1A59872E236B44CE00326696 /* Build configuration list for PBXNativeTarget "MyViewIntro" */;
			buildPhases = (
				1A598702236B44CB00326696 /* Sources */,
				1A598703236B44CB00326696 /* Frameworks */,
				1A598704236B44CB00326696 /* Resources */,
			);
			buildRules = (
			);
			dependencies = (
			);
			name = MyViewIntro;
			productName = MyViewIntro;
			productReference = 1A598706236B44CB00326696 /* MyViewIntro.app */;
			productType = "com.apple.product-type.application";
		};
		1A598719236B44CE00326696 /* MyViewIntroTests */ = {
			isa = PBXNativeTarget;
			buildConfigurationList = 1A598731236B44CE00326696 /* Build configuration list for PBXNativeTarget "MyViewIntroTests" */;
			buildPhases = (
				1A598716236B44CE00326696 /* Sources */,
				1A598717236B44CE00326696 /* Frameworks */,
				1A598718236B44CE00326696 /* Resources */,
			);
			buildRules = (
			);
			dependencies = (
				1A59871C236B44CE00326696 /* PBXTargetDependency */,
			);
			name = MyViewIntroTests;
			productName = MyViewIntroTests;
			productReference = 1A59871A236B44CE00326696 /* MyViewIntroTests.xctest */;
			productType = "com.apple.product-type.bundle.unit-test";
		};
		1A598724236B44CE00326696 /* MyViewIntroUITests */ = {
			isa = PBXNativeTarget;
			buildConfigurationList = 1A598734236B44CE00326696 /* Build configuration list for PBXNativeTarget "MyViewIntroUITests" */;
			buildPhases = (
				1A598721236B44CE00326696 /* Sources */,
				1A598722236B44CE00326696 /* Frameworks */,
				1A598723236B44CE00326696 /* Resources */,
			);
			buildRules = (
			);
			dependencies = (
				1A598727236B44CE00326696 /* PBXTargetDependency */,
			);
			name = MyViewIntroUITests;
			productName = MyViewIntroUITests;
			productReference = 1A598725236B44CE00326696 /* MyViewIntroUITests.xctest */;
			productType = "com.apple.product-type.bundle.ui-testing";
		};
/* End PBXNativeTarget section */

/* Begin PBXProject section */
		1A5986FE236B44CB00326696 /* Project object */ = {
			isa = PBXProject;
			attributes = {
				LastSwiftUpdateCheck = 1030;
				LastUpgradeCheck = 1030;
				ORGANIZATIONNAME = "James Cavanaugh";
				TargetAttributes = {
					1A598705236B44CB00326696 = {
						CreatedOnToolsVersion = 10.3;
					};
					1A598719236B44CE00326696 = {
						CreatedOnToolsVersion = 10.3;
						TestTargetID = 1A598705236B44CB00326696;
					};
					1A598724236B44CE00326696 = {
						CreatedOnToolsVersion = 10.3;
						TestTargetID = 1A598705236B44CB00326696;
					};
				};
			};
			buildConfigurationList = 1A598701236B44CB00326696 /* Build configuration list for PBXProject "MyViewIntro" */;
			compatibilityVersion = "Xcode 9.3";
			developmentRegion = en;
			hasScannedForEncodings = 0;
			knownRegions = (
				en,
				Base,
			);
			mainGroup = 1A5986FD236B44CB00326696;
			productRefGroup = 1A598707236B44CB00326696 /* Products */;
			projectDirPath = "";
			projectRoot = "";
			targets = (
				1A598705236B44CB00326696 /* MyViewIntro */,
				1A598719236B44CE00326696 /* MyViewIntroTests */,
				1A598724236B44CE00326696 /* MyViewIntroUITests */,
			);
		};
/* End PBXProject section */

/* Begin PBXResourcesBuildPhase section */
		1A598704236B44CB00326696 /* Resources */ = {
			isa = PBXResourcesBuildPhase;
			buildActionMask = 2147483647;
			files = (
				1A598714236B44CE00326696 /* LaunchScreen.storyboard in Resources */,
				1A598711236B44CE00326696 /* Assets.xcassets in Resources */,
				1A59870F236B44CB00326696 /* Main.storyboard in Resources */,
			);
			runOnlyForDeploymentPostprocessing = 0;
		};
		1A598718236B44CE00326696 /* Resources */ = {
			isa = PBXResourcesBuildPhase;
			buildActionMask = 2147483647;
			files = (
			);
			runOnlyForDeploymentPostprocessing = 0;
		};
		1A598723236B44CE00326696 /* Resources */ = {
			isa = PBXResourcesBuildPhase;
			buildActionMask = 2147483647;
			files = (
			);
			runOnlyForDeploymentPostprocessing = 0;
		};
/* End PBXResourcesBuildPhase section */

/* Begin PBXSourcesBuildPhase section */
		1A598702236B44CB00326696 /* Sources */ = {
			isa = PBXSourcesBuildPhase;
			buildActionMask = 2147483647;
			files = (
				1A59870C236B44CB00326696 /* ViewController.swift in Sources */,
				1A59870A236B44CB00326696 /* AppDelegate.swift in Sources */,
			);
			runOnlyForDeploymentPostprocessing = 0;
		};
		1A598716236B44CE00326696 /* Sources */ = {
			isa = PBXSourcesBuildPhase;
			buildActionMask = 2147483647;
			files = (
				1A59871F236B44CE00326696 /* MyViewIntroTests.swift in Sources */,
			);
			runOnlyForDeploymentPostprocessing = 0;
		};
		1A598721236B44CE00326696 /* Sources */ = {
			isa = PBXSourcesBuildPhase;
			buildActionMask = 2147483647;
			files = (
				1A59872A236B44CE00326696 /* MyViewIntroUITests.swift in Sources */,
			);
			runOnlyForDeploymentPostprocessing = 0;
		};
/* End PBXSourcesBuildPhase section */

/* Begin PBXTargetDependency section */
		1A59871C236B44CE00326696 /* PBXTargetDependency */ = {
			isa = PBXTargetDependency;
			target = 1A598705236B44CB00326696 /* MyViewIntro */;
			targetProxy = 1A59871B236B44CE00326696 /* PBXContainerItemProxy */;
		};
		1A598727236B44CE00326696 /* PBXTargetDependency */ = {
			isa = PBXTargetDependency;
			target = 1A598705236B44CB00326696 /* MyViewIntro */;
			targetProxy = 1A598726236B44CE00326696 /* PBXContainerItemProxy */;
		};
/* End PBXTargetDependency section */

/* Begin PBXVariantGroup section */
		1A59870D236B44CB00326696 /* Main.storyboard */ = {
			isa = PBXVariantGroup;
			children = (
				1A59870E236B44CB00326696 /* Base */,
			);
			name = Main.storyboard;
			sourceTree = "<group>";
		};
		1A598712236B44CE00326696 /* LaunchScreen.storyboard */ = {
			isa = PBXVariantGroup;
			children = (
				1A598713236B44CE00326696 /* Base */,
			);
			name = LaunchScreen.storyboard;
			sourceTree = "<group>";
		};
/* End PBXVariantGroup section */

/* Begin XCBuildConfiguration section */
		1A59872C236B44CE00326696 /* Debug */ = {
			isa = XCBuildConfiguration;
			buildSettings = {
				ALWAYS_SEARCH_USER_PATHS = NO;
				CLANG_ANALYZER_NONNULL = YES;
				CLANG_ANALYZER_NUMBER_OBJECT_CONVERSION = YES_AGGRESSIVE;
				CLANG_CXX_LANGUAGE_STANDARD = "gnu++14";
				CLANG_CXX_LIBRARY = "libc++";
				CLANG_ENABLE_MODULES = YES;
				CLANG_ENABLE_OBJC_ARC = YES;
				CLANG_ENABLE_OBJC_WEAK = YES;
				CLANG_WARN_BLOCK_CAPTURE_AUTORELEASING = YES;
				CLANG_WARN_BOOL_CONVERSION = YES;
				CLANG_WARN_COMMA = YES;
				CLANG_WARN_CONSTANT_CONVERSION = YES;
				CLANG_WARN_DEPRECATED_OBJC_IMPLEMENTATIONS = YES;
				CLANG_WARN_DIRECT_OBJC_ISA_USAGE = YES_ERROR;
				CLANG_WARN_DOCUMENTATION_COMMENTS = YES;
				CLANG_WARN_EMPTY_BODY = YES;
				CLANG_WARN_ENUM_CONVERSION = YES;
				CLANG_WARN_INFINITE_RECURSION = YES;
				CLANG_WARN_INT_CONVERSION = YES;
				CLANG_WARN_NON_LITERAL_NULL_CONVERSION = YES;
				CLANG_WARN_OBJC_IMPLICIT_RETAIN_SELF = YES;
				CLANG_WARN_OBJC_LITERAL_CONVERSION = YES;
				CLANG_WARN_OBJC_ROOT_CLASS = YES_ERROR;
				CLANG_WARN_RANGE_LOOP_ANALYSIS = YES;
				CLANG_WARN_STRICT_PROTOTYPES = YES;
				CLANG_WARN_SUSPICIOUS_MOVE = YES;
				CLANG_WARN_UNGUARDED_AVAILABILITY = YES_AGGRESSIVE;
				CLANG_WARN_UNREACHABLE_CODE = YES;
				CLANG_WARN__DUPLICATE_METHOD_MATCH = YES;
				CODE_SIGN_IDENTITY = "iPhone Developer";
				COPY_PHASE_STRIP = NO;
				DEBUG_INFORMATION_FORMAT = dwarf;
				ENABLE_STRICT_OBJC_MSGSEND = YES;
				ENABLE_TESTABILITY = YES;
				GCC_C_LANGUAGE_STANDARD = gnu11;
				GCC_DYNAMIC_NO_PIC = NO;
				GCC_NO_COMMON_BLOCKS = YES;
				GCC_OPTIMIZATION_LEVEL = 0;
				GCC_PREPROCESSOR_DEFINITIONS = (
					"DEBUG=1",
					"$(inherited)",
				);
				GCC_WARN_64_TO_32_BIT_CONVERSION = YES;
				GCC_WARN_ABOUT_RETURN_TYPE = YES_ERROR;
				GCC_WARN_UNDECLARED_SELECTOR = YES;
				GCC_WARN_UNINITIALIZED_AUTOS = YES_AGGRESSIVE;
				GCC_WARN_UNUSED_FUNCTION = YES;
				GCC_WARN_UNUSED_VARIABLE = YES;
				IPHONEOS_DEPLOYMENT_TARGET = 12.4;
				MTL_ENABLE_DEBUG_INFO = INCLUDE_SOURCE;
				MTL_FAST_MATH = YES;
				ONLY_ACTIVE_ARCH = YES;
				SDKROOT = iphoneos;
				SWIFT_ACTIVE_COMPILATION_CONDITIONS = DEBUG;
				SWIFT_OPTIMIZATION_LEVEL = "-Onone";
			};
			name = Debug;
		};
		1A59872D236B44CE00326696 /* Release */ = {
			isa = XCBuildConfiguration;
			buildSettings = {
				ALWAYS_SEARCH_USER_PATHS = NO;
				CLANG_ANALYZER_NONNULL = YES;
				CLANG_ANALYZER_NUMBER_OBJECT_CONVERSION = YES_AGGRESSIVE;
				CLANG_CXX_LANGUAGE_STANDARD = "gnu++14";
				CLANG_CXX_LIBRARY = "libc++";
				CLANG_ENABLE_MODULES = YES;
				CLANG_ENABLE_OBJC_ARC = YES;
				CLANG_ENABLE_OBJC_WEAK = YES;
				CLANG_WARN_BLOCK_CAPTURE_AUTORELEASING = YES;
				CLANG_WARN_BOOL_CONVERSION = YES;
				CLANG_WARN_COMMA = YES;
				CLANG_WARN_CONSTANT_CONVERSION = YES;
				CLANG_WARN_DEPRECATED_OBJC_IMPLEMENTATIONS = YES;
				CLANG_WARN_DIRECT_OBJC_ISA_USAGE = YES_ERROR;
				CLANG_WARN_DOCUMENTATION_COMMENTS = YES;
				CLANG_WARN_EMPTY_BODY = YES;
				CLANG_WARN_ENUM_CONVERSION = YES;
				CLANG_WARN_INFINITE_RECURSION = YES;
				CLANG_WARN_INT_CONVERSION = YES;
				CLANG_WARN_NON_LITERAL_NULL_CONVERSION = YES;
				CLANG_WARN_OBJC_IMPLICIT_RETAIN_SELF = YES;
				CLANG_WARN_OBJC_LITERAL_CONVERSION = YES;
				CLANG_WARN_OBJC_ROOT_CLASS = YES_ERROR;
				CLANG_WARN_RANGE_LOOP_ANALYSIS = YES;
				CLANG_WARN_STRICT_PROTOTYPES = YES;
				CLANG_WARN_SUSPICIOUS_MOVE = YES;
				CLANG_WARN_UNGUARDED_AVAILABILITY = YES_AGGRESSIVE;
				CLANG_WARN_UNREACHABLE_CODE = YES;
				CLANG_WARN__DUPLICATE_METHOD_MATCH = YES;
				CODE_SIGN_IDENTITY = "iPhone Developer";
				COPY_PHASE_STRIP = NO;
				DEBUG_INFORMATION_FORMAT = "dwarf-with-dsym";
				ENABLE_NS_ASSERTIONS = NO;
				ENABLE_STRICT_OBJC_MSGSEND = YES;
				GCC_C_LANGUAGE_STANDARD = gnu11;
				GCC_NO_COMMON_BLOCKS = YES;
				GCC_WARN_64_TO_32_BIT_CONVERSION = YES;
				GCC_WARN_ABOUT_RETURN_TYPE = YES_ERROR;
				GCC_WARN_UNDECLARED_SELECTOR = YES;
				GCC_WARN_UNINITIALIZED_AUTOS = YES_AGGRESSIVE;
				GCC_WARN_UNUSED_FUNCTION = YES;
				GCC_WARN_UNUSED_VARIABLE = YES;
				IPHONEOS_DEPLOYMENT_TARGET = 12.4;
				MTL_ENABLE_DEBUG_INFO = NO;
				MTL_FAST_MATH = YES;
				SDKROOT = iphoneos;
				SWIFT_COMPILATION_MODE = wholemodule;
				SWIFT_OPTIMIZATION_LEVEL = "-O";
				VALIDATE_PRODUCT = YES;
			};
			name = Release;
		};
		1A59872F236B44CE00326696 /* Debug */ = {
			isa = XCBuildConfiguration;
			buildSettings = {
				ASSETCATALOG_COMPILER_APPICON_NAME = AppIcon;
				CODE_SIGN_STYLE = Automatic;
				INFOPLIST_FILE = MyViewIntro/Info.plist;
				LD_RUNPATH_SEARCH_PATHS = (
					"$(inherited)",
					"@executable_path/Frameworks",
				);
				PRODUCT_BUNDLE_IDENTIFIER = edu.hofstra.james.MyViewIntro;
				PRODUCT_NAME = "$(TARGET_NAME)";
				SWIFT_VERSION = 5.0;
				TARGETED_DEVICE_FAMILY = "1,2";
			};
			name = Debug;
		};
		1A598730236B44CE00326696 /* Release */ = {
			isa = XCBuildConfiguration;
			buildSettings = {
				ASSETCATALOG_COMPILER_APPICON_NAME = AppIcon;
				CODE_SIGN_STYLE = Automatic;
				INFOPLIST_FILE = MyViewIntro/Info.plist;
				LD_RUNPATH_SEARCH_PATHS = (
					"$(inherited)",
					"@executable_path/Frameworks",
				);
				PRODUCT_BUNDLE_IDENTIFIER = edu.hofstra.james.MyViewIntro;
				PRODUCT_NAME = "$(TARGET_NAME)";
				SWIFT_VERSION = 5.0;
				TARGETED_DEVICE_FAMILY = "1,2";
			};
			name = Release;
		};
		1A598732236B44CE00326696 /* Debug */ = {
			isa = XCBuildConfiguration;
			buildSettings = {
				ALWAYS_EMBED_SWIFT_STANDARD_LIBRARIES = YES;
				BUNDLE_LOADER = "$(TEST_HOST)";
				CODE_SIGN_STYLE = Automatic;
				INFOPLIST_FILE = MyViewIntroTests/Info.plist;
				LD_RUNPATH_SEARCH_PATHS = (
					"$(inherited)",
					"@executable_path/Frameworks",
					"@loader_path/Frameworks",
				);
				PRODUCT_BUNDLE_IDENTIFIER = edu.hofstra.james.MyViewIntroTests;
				PRODUCT_NAME = "$(TARGET_NAME)";
				SWIFT_VERSION = 5.0;
				TARGETED_DEVICE_FAMILY = "1,2";
				TEST_HOST = "$(BUILT_PRODUCTS_DIR)/MyViewIntro.app/MyViewIntro";
			};
			name = Debug;
		};
		1A598733236B44CE00326696 /* Release */ = {
			isa = XCBuildConfiguration;
			buildSettings = {
				ALWAYS_EMBED_SWIFT_STANDARD_LIBRARIES = YES;
				BUNDLE_LOADER = "$(TEST_HOST)";
				CODE_SIGN_STYLE = Automatic;
				INFOPLIST_FILE = MyViewIntroTests/Info.plist;
				LD_RUNPATH_SEARCH_PATHS = (
					"$(inherited)",
					"@executable_path/Frameworks",
					"@loader_path/Frameworks",
				);
				PRODUCT_BUNDLE_IDENTIFIER = edu.hofstra.james.MyViewIntroTests;
				PRODUCT_NAME = "$(TARGET_NAME)";
				SWIFT_VERSION = 5.0;
				TARGETED_DEVICE_FAMILY = "1,2";
				TEST_HOST = "$(BUILT_PRODUCTS_DIR)/MyViewIntro.app/MyViewIntro";
			};
			name = Release;
		};
		1A598735236B44CE00326696 /* Debug */ = {
			isa = XCBuildConfiguration;
			buildSettings = {
				ALWAYS_EMBED_SWIFT_STANDARD_LIBRARIES = YES;
				CODE_SIGN_STYLE = Automatic;
				INFOPLIST_FILE = MyViewIntroUITests/Info.plist;
				LD_RUNPATH_SEARCH_PATHS = (
					"$(inherited)",
					"@executable_path/Frameworks",
					"@loader_path/Frameworks",
				);
				PRODUCT_BUNDLE_IDENTIFIER = edu.hofstra.james.MyViewIntroUITests;
				PRODUCT_NAME = "$(TARGET_NAME)";
				SWIFT_VERSION = 5.0;
				TARGETED_DEVICE_FAMILY = "1,2";
				TEST_TARGET_NAME = MyViewIntro;
			};
			name = Debug;
		};
		1A598736236B44CE00326696 /* Release */ = {
			isa = XCBuildConfiguration;
			buildSettings = {
				ALWAYS_EMBED_SWIFT_STANDARD_LIBRARIES = YES;
				CODE_SIGN_STYLE = Automatic;
				INFOPLIST_FILE = MyViewIntroUITests/Info.plist;
				LD_RUNPATH_SEARCH_PATHS = (
					"$(inherited)",
					"@executable_path/Frameworks",
					"@loader_path/Frameworks",
				);
				PRODUCT_BUNDLE_IDENTIFIER = edu.hofstra.james.MyViewIntroUITests;
				PRODUCT_NAME = "$(TARGET_NAME)";
				SWIFT_VERSION = 5.0;
				TARGETED_DEVICE_FAMILY = "1,2";
				TEST_TARGET_NAME = MyViewIntro;
			};
			name = Release;
		};
/* End XCBuildConfiguration section */

/* Begin XCConfigurationList section */
		1A598701236B44CB00326696 /* Build configuration list for PBXProject "MyViewIntro" */ = {
			isa = XCConfigurationList;
			buildConfigurations = (
				1A59872C236B44CE00326696 /* Debug */,
				1A59872D236B44CE00326696 /* Release */,
			);
			defaultConfigurationIsVisible = 0;
			defaultConfigurationName = Release;
		};
		1A59872E236B44CE00326696 /* Build configuration list for PBXNativeTarget "MyViewIntro" */ = {
			isa = XCConfigurationList;
			buildConfigurations = (
				1A59872F236B44CE00326696 /* Debug */,
				1A598730236B44CE00326696 /* Release */,
			);
			defaultConfigurationIsVisible = 0;
			defaultConfigurationName = Release;
		};
		1A598731236B44CE00326696 /* Build configuration list for PBXNativeTarget "MyViewIntroTests" */ = {
			isa = XCConfigurationList;
			buildConfigurations = (
				1A598732236B44CE00326696 /* Debug */,
				1A598733236B44CE00326696 /* Release */,
			);
			defaultConfigurationIsVisible = 0;
			defaultConfigurationName = Release;
		};
		1A598734236B44CE00326696 /* Build configuration list for PBXNativeTarget "MyViewIntroUITests" */ = {
			isa = XCConfigurationList;
			buildConfigurations = (
				1A598735236B44CE00326696 /* Debug */,
				1A598736236B44CE00326696 /* Release */,
			);
			defaultConfigurationIsVisible = 0;
			defaultConfigurationName = Release;
		};
/* End XCConfigurationList section */
	};
	rootObject = 1A5986FE236B44CB00326696 /* Project object */;
}
